{
  "name": "Portfolio",
  "lockfileVersion": 2,
  "requires": true,
  "packages": {
    "": {
      "dependencies": {
        "ar-poncho": "^2.0.222",
        "bootstrap-icons": "^1.8.3"
      }
    },
    "node_modules/ar-poncho": {
      "version": "2.0.222",
      "resolved": "https://registry.npmjs.org/ar-poncho/-/ar-poncho-2.0.222.tgz",
      "integrity": "sha512-Rw6SRS1gy6d0IbWOsPKdd/4iCe5WS9vxKGYWtn/K09nZXE7yxQLJ0u/Huq+TZELyGut+u8VWaDFnAt3Mhp9HeA=="
    },
    "node_modules/bootstrap-icons": {
      "version": "1.8.3",
      "resolved": "https://registry.npmjs.org/bootstrap-icons/-/bootstrap-icons-1.8.3.tgz",
      "integrity": "sha512-s5kmttnbq4BXbx3Bwnj39y+t7Vc3blTtyD77W3aYQ1LlNoS3lNbbGvSYhIbg26Im8KmjScyFpHEevlPOBcIDdA=="
    }
  },
  "dependencies": {
    "ar-poncho": {
      "version": "2.0.222",
      "resolved": "https://registry.npmjs.org/ar-poncho/-/ar-poncho-2.0.222.tgz",
      "integrity": "sha512-Rw6SRS1gy6d0IbWOsPKdd/4iCe5WS9vxKGYWtn/K09nZXE7yxQLJ0u/Huq+TZELyGut+u8VWaDFnAt3Mhp9HeA=="
    },
    "bootstrap-icons": {
      "version": "1.8.3",
      "resolved": "https://registry.npmjs.org/bootstrap-icons/-/bootstrap-icons-1.8.3.tgz",
      "integrity": "sha512-s5kmttnbq4BXbx3Bwnj39y+t7Vc3blTtyD77W3aYQ1LlNoS3lNbbGvSYhIbg26Im8KmjScyFpHEevlPOBcIDdA=="
    }
  }
}
